
Microsoft Visual Studio Solution File, Format Version 12.00
# Visual Studio 15
VisualStudioVersion = 15.0.26430.6
MinimumVisualStudioVersion = 10.0.40219.1
Project("{FAE04EC0-301F-11D3-BF4B-00C04F79EFBC}") = "Game", "Game\Game.csproj", "{E697E104-3399-4157-996D-118AA653D3D6}"
EndProject
Project("{FAE04EC0-301F-11D3-BF4B-00C04F79EFBC}") = "ShareLibary", "NewShareLibary\ShareLibary.csproj", "{6F1CB19C-B43C-41E7-9342-72A578F970D8}"
EndProject
Project("{FAE04EC0-301F-11D3-BF4B-00C04F79EFBC}") = "SwinGameAdapter", "SwinGameAdapter\SwinGameAdapter.csproj", "{A9DCAC72-BC77-4C33-BE70-BBFD31D7C798}"
EndProject
Project("{9A19103F-16F7-4668-BE54-9A1E7A4F7556}") = "SplashKitAdapter", "SplashKitAdapter\SplashKitAdapter.csproj", "{EB079F01-E1FB-4105-8F08-116D7D0230FD}"
EndProject
Project("{FAE04EC0-301F-11D3-BF4B-00C04F79EFBC}") = "MonoGameAdatper", "MonoGameAdatper\MonoGameAdatper.csproj", "{7CAA2F25-8CE6-4EDA-A0EE-7FEFCD427579}"
EndProject
Project("{FAE04EC0-301F-11D3-BF4B-00C04F79EFBC}") = "Adapter", "Adapter\Adapter.csproj", "{A7A8227F-B5CA-4E5E-AD71-22F7A361842D}"
EndProject
Project("{FAE04EC0-301F-11D3-BF4B-00C04F79EFBC}") = "Program", "Program\Program.csproj", "{9AB41D2D-D07C-4817-8F13-CEEE5E30D2C1}"
EndProject
Global
	GlobalSection(SolutionConfigurationPlatforms) = preSolution
		Debug|Any CPU = Debug|Any CPU
		Debug|ARM = Debug|ARM
		Debug|x64 = Debug|x64
		Debug|x86 = Debug|x86
		Debug-Windows|Any CPU = Debug-Windows|Any CPU
		Debug-Windows|ARM = Debug-Windows|ARM
		Debug-Windows|x64 = Debug-Windows|x64
		Debug-Windows|x86 = Debug-Windows|x86
		Release|Any CPU = Release|Any CPU
		Release|ARM = Release|ARM
		Release|x64 = Release|x64
		Release|x86 = Release|x86
	EndGlobalSection
	GlobalSection(ProjectConfigurationPlatforms) = postSolution
		{E697E104-3399-4157-996D-118AA653D3D6}.Debug|Any CPU.ActiveCfg = Debug|Any CPU
		{E697E104-3399-4157-996D-118AA653D3D6}.Debug|Any CPU.Build.0 = Debug|Any CPU
		{E697E104-3399-4157-996D-118AA653D3D6}.Debug|ARM.ActiveCfg = Debug|Any CPU
		{E697E104-3399-4157-996D-118AA653D3D6}.Debug|ARM.Build.0 = Debug|Any CPU
		{E697E104-3399-4157-996D-118AA653D3D6}.Debug|x64.ActiveCfg = Debug|Any CPU
		{E697E104-3399-4157-996D-118AA653D3D6}.Debug|x64.Build.0 = Debug|Any CPU
		{E697E104-3399-4157-996D-118AA653D3D6}.Debug|x86.ActiveCfg = Debug|Any CPU
		{E697E104-3399-4157-996D-118AA653D3D6}.Debug|x86.Build.0 = Debug|Any CPU
		{E697E104-3399-4157-996D-118AA653D3D6}.Debug-Windows|Any CPU.ActiveCfg = Debug|Any CPU
		{E697E104-3399-4157-996D-118AA653D3D6}.Debug-Windows|Any CPU.Build.0 = Debug|Any CPU
		{E697E104-3399-4157-996D-118AA653D3D6}.Debug-Windows|ARM.ActiveCfg = Debug|Any CPU
		{E697E104-3399-4157-996D-118AA653D3D6}.Debug-Windows|ARM.Build.0 = Debug|Any CPU
		{E697E104-3399-4157-996D-118AA653D3D6}.Debug-Windows|x64.ActiveCfg = Debug|Any CPU
		{E697E104-3399-4157-996D-118AA653D3D6}.Debug-Windows|x64.Build.0 = Debug|Any CPU
		{E697E104-3399-4157-996D-118AA653D3D6}.Debug-Windows|x86.ActiveCfg = Debug|Any CPU
		{E697E104-3399-4157-996D-118AA653D3D6}.Debug-Windows|x86.Build.0 = Debug|Any CPU
		{E697E104-3399-4157-996D-118AA653D3D6}.Release|Any CPU.ActiveCfg = Release|Any CPU
		{E697E104-3399-4157-996D-118AA653D3D6}.Release|Any CPU.Build.0 = Release|Any CPU
		{E697E104-3399-4157-996D-118AA653D3D6}.Release|ARM.ActiveCfg = Release|Any CPU
		{E697E104-3399-4157-996D-118AA653D3D6}.Release|ARM.Build.0 = Release|Any CPU
		{E697E104-3399-4157-996D-118AA653D3D6}.Release|x64.ActiveCfg = Release|Any CPU
		{E697E104-3399-4157-996D-118AA653D3D6}.Release|x64.Build.0 = Release|Any CPU
		{E697E104-3399-4157-996D-118AA653D3D6}.Release|x86.ActiveCfg = Release|Any CPU
		{E697E104-3399-4157-996D-118AA653D3D6}.Release|x86.Build.0 = Release|Any CPU
		{6F1CB19C-B43C-41E7-9342-72A578F970D8}.Debug|Any CPU.ActiveCfg = Debug|Any CPU
		{6F1CB19C-B43C-41E7-9342-72A578F970D8}.Debug|Any CPU.Build.0 = Debug|Any CPU
		{6F1CB19C-B43C-41E7-9342-72A578F970D8}.Debug|ARM.ActiveCfg = Debug|Any CPU
		{6F1CB19C-B43C-41E7-9342-72A578F970D8}.Debug|ARM.Build.0 = Debug|Any CPU
		{6F1CB19C-B43C-41E7-9342-72A578F970D8}.Debug|x64.ActiveCfg = Debug|Any CPU
		{6F1CB19C-B43C-41E7-9342-72A578F970D8}.Debug|x64.Build.0 = Debug|Any CPU
		{6F1CB19C-B43C-41E7-9342-72A578F970D8}.Debug|x86.ActiveCfg = Debug|Any CPU
		{6F1CB19C-B43C-41E7-9342-72A578F970D8}.Debug|x86.Build.0 = Debug|Any CPU
		{6F1CB19C-B43C-41E7-9342-72A578F970D8}.Debug-Windows|Any CPU.ActiveCfg = Debug|Any CPU
		{6F1CB19C-B43C-41E7-9342-72A578F970D8}.Debug-Windows|Any CPU.Build.0 = Debug|Any CPU
		{6F1CB19C-B43C-41E7-9342-72A578F970D8}.Debug-Windows|ARM.ActiveCfg = Debug|Any CPU
		{6F1CB19C-B43C-41E7-9342-72A578F970D8}.Debug-Windows|ARM.Build.0 = Debug|Any CPU
		{6F1CB19C-B43C-41E7-9342-72A578F970D8}.Debug-Windows|x64.ActiveCfg = Debug|Any CPU
		{6F1CB19C-B43C-41E7-9342-72A578F970D8}.Debug-Windows|x64.Build.0 = Debug|Any CPU
		{6F1CB19C-B43C-41E7-9342-72A578F970D8}.Debug-Windows|x86.ActiveCfg = Debug|Any CPU
		{6F1CB19C-B43C-41E7-9342-72A578F970D8}.Debug-Windows|x86.Build.0 = Debug|Any CPU
		{6F1CB19C-B43C-41E7-9342-72A578F970D8}.Release|Any CPU.ActiveCfg = Release|Any CPU
		{6F1CB19C-B43C-41E7-9342-72A578F970D8}.Release|Any CPU.Build.0 = Release|Any CPU
		{6F1CB19C-B43C-41E7-9342-72A578F970D8}.Release|ARM.ActiveCfg = Release|Any CPU
		{6F1CB19C-B43C-41E7-9342-72A578F970D8}.Release|ARM.Build.0 = Release|Any CPU
		{6F1CB19C-B43C-41E7-9342-72A578F970D8}.Release|x64.ActiveCfg = Release|Any CPU
		{6F1CB19C-B43C-41E7-9342-72A578F970D8}.Release|x64.Build.0 = Release|Any CPU
		{6F1CB19C-B43C-41E7-9342-72A578F970D8}.Release|x86.ActiveCfg = Release|Any CPU
		{6F1CB19C-B43C-41E7-9342-72A578F970D8}.Release|x86.Build.0 = Release|Any CPU
		{A9DCAC72-BC77-4C33-BE70-BBFD31D7C798}.Debug|Any CPU.ActiveCfg = Debug-Windows|x86
		{A9DCAC72-BC77-4C33-BE70-BBFD31D7C798}.Debug|Any CPU.Build.0 = Debug-Windows|x86
		{A9DCAC72-BC77-4C33-BE70-BBFD31D7C798}.Debug|ARM.ActiveCfg = Debug-Windows|x86
		{A9DCAC72-BC77-4C33-BE70-BBFD31D7C798}.Debug|ARM.Build.0 = Debug-Windows|x86
		{A9DCAC72-BC77-4C33-BE70-BBFD31D7C798}.Debug|x64.ActiveCfg = Debug-Windows|x86
		{A9DCAC72-BC77-4C33-BE70-BBFD31D7C798}.Debug|x64.Build.0 = Debug-Windows|x86
		{A9DCAC72-BC77-4C33-BE70-BBFD31D7C798}.Debug|x86.ActiveCfg = Debug-Windows|x86
		{A9DCAC72-BC77-4C33-BE70-BBFD31D7C798}.Debug|x86.Build.0 = Debug-Windows|x86
		{A9DCAC72-BC77-4C33-BE70-BBFD31D7C798}.Debug-Windows|Any CPU.ActiveCfg = Debug-Windows|x86
		{A9DCAC72-BC77-4C33-BE70-BBFD31D7C798}.Debug-Windows|ARM.ActiveCfg = Debug-Windows|x86
		{A9DCAC72-BC77-4C33-BE70-BBFD31D7C798}.Debug-Windows|x64.ActiveCfg = Debug-Windows|x86
		{A9DCAC72-BC77-4C33-BE70-BBFD31D7C798}.Debug-Windows|x86.ActiveCfg = Debug-Windows|x86
		{A9DCAC72-BC77-4C33-BE70-BBFD31D7C798}.Debug-Windows|x86.Build.0 = Debug-Windows|x86
		{A9DCAC72-BC77-4C33-BE70-BBFD31D7C798}.Release|Any CPU.ActiveCfg = Debug-Windows|x86
		{A9DCAC72-BC77-4C33-BE70-BBFD31D7C798}.Release|Any CPU.Build.0 = Debug-Windows|x86
		{A9DCAC72-BC77-4C33-BE70-BBFD31D7C798}.Release|ARM.ActiveCfg = Debug-Windows|x86
		{A9DCAC72-BC77-4C33-BE70-BBFD31D7C798}.Release|ARM.Build.0 = Debug-Windows|x86
		{A9DCAC72-BC77-4C33-BE70-BBFD31D7C798}.Release|x64.ActiveCfg = Debug-Windows|x86
		{A9DCAC72-BC77-4C33-BE70-BBFD31D7C798}.Release|x64.Build.0 = Debug-Windows|x86
		{A9DCAC72-BC77-4C33-BE70-BBFD31D7C798}.Release|x86.ActiveCfg = Debug-Windows|x86
		{A9DCAC72-BC77-4C33-BE70-BBFD31D7C798}.Release|x86.Build.0 = Debug-Windows|x86
		{EB079F01-E1FB-4105-8F08-116D7D0230FD}.Debug|Any CPU.ActiveCfg = Debug|Any CPU
		{EB079F01-E1FB-4105-8F08-116D7D0230FD}.Debug|Any CPU.Build.0 = Debug|Any CPU
		{EB079F01-E1FB-4105-8F08-116D7D0230FD}.Debug|ARM.ActiveCfg = Debug|Any CPU
		{EB079F01-E1FB-4105-8F08-116D7D0230FD}.Debug|ARM.Build.0 = Debug|Any CPU
		{EB079F01-E1FB-4105-8F08-116D7D0230FD}.Debug|x64.ActiveCfg = Debug|Any CPU
		{EB079F01-E1FB-4105-8F08-116D7D0230FD}.Debug|x64.Build.0 = Debug|Any CPU
		{EB079F01-E1FB-4105-8F08-116D7D0230FD}.Debug|x86.ActiveCfg = Debug|Any CPU
		{EB079F01-E1FB-4105-8F08-116D7D0230FD}.Debug|x86.Build.0 = Debug|Any CPU
		{EB079F01-E1FB-4105-8F08-116D7D0230FD}.Debug-Windows|Any CPU.ActiveCfg = Debug|Any CPU
		{EB079F01-E1FB-4105-8F08-116D7D0230FD}.Debug-Windows|Any CPU.Build.0 = Debug|Any CPU
		{EB079F01-E1FB-4105-8F08-116D7D0230FD}.Debug-Windows|ARM.ActiveCfg = Debug|Any CPU
		{EB079F01-E1FB-4105-8F08-116D7D0230FD}.Debug-Windows|ARM.Build.0 = Debug|Any CPU
		{EB079F01-E1FB-4105-8F08-116D7D0230FD}.Debug-Windows|x64.ActiveCfg = Debug|Any CPU
		{EB079F01-E1FB-4105-8F08-116D7D0230FD}.Debug-Windows|x64.Build.0 = Debug|Any CPU
		{EB079F01-E1FB-4105-8F08-116D7D0230FD}.Debug-Windows|x86.ActiveCfg = Debug|Any CPU
		{EB079F01-E1FB-4105-8F08-116D7D0230FD}.Debug-Windows|x86.Build.0 = Debug|Any CPU
		{EB079F01-E1FB-4105-8F08-116D7D0230FD}.Release|Any CPU.ActiveCfg = Release|Any CPU
		{EB079F01-E1FB-4105-8F08-116D7D0230FD}.Release|Any CPU.Build.0 = Release|Any CPU
		{EB079F01-E1FB-4105-8F08-116D7D0230FD}.Release|ARM.ActiveCfg = Release|Any CPU
		{EB079F01-E1FB-4105-8F08-116D7D0230FD}.Release|ARM.Build.0 = Release|Any CPU
		{EB079F01-E1FB-4105-8F08-116D7D0230FD}.Release|x64.ActiveCfg = Release|Any CPU
		{EB079F01-E1FB-4105-8F08-116D7D0230FD}.Release|x64.Build.0 = Release|Any CPU
		{EB079F01-E1FB-4105-8F08-116D7D0230FD}.Release|x86.ActiveCfg = Release|Any CPU
		{EB079F01-E1FB-4105-8F08-116D7D0230FD}.Release|x86.Build.0 = Release|Any CPU
		{7CAA2F25-8CE6-4EDA-A0EE-7FEFCD427579}.Debug|Any CPU.ActiveCfg = Debug|Any CPU
		{7CAA2F25-8CE6-4EDA-A0EE-7FEFCD427579}.Debug|Any CPU.Build.0 = Debug|Any CPU
		{7CAA2F25-8CE6-4EDA-A0EE-7FEFCD427579}.Debug|ARM.ActiveCfg = Debug|Any CPU
		{7CAA2F25-8CE6-4EDA-A0EE-7FEFCD427579}.Debug|ARM.Build.0 = Debug|Any CPU
		{7CAA2F25-8CE6-4EDA-A0EE-7FEFCD427579}.Debug|x64.ActiveCfg = Debug|Any CPU
		{7CAA2F25-8CE6-4EDA-A0EE-7FEFCD427579}.Debug|x64.Build.0 = Debug|Any CPU
		{7CAA2F25-8CE6-4EDA-A0EE-7FEFCD427579}.Debug|x86.ActiveCfg = Debug|Any CPU
		{7CAA2F25-8CE6-4EDA-A0EE-7FEFCD427579}.Debug|x86.Build.0 = Debug|Any CPU
		{7CAA2F25-8CE6-4EDA-A0EE-7FEFCD427579}.Debug-Windows|Any CPU.ActiveCfg = Debug|Any CPU
		{7CAA2F25-8CE6-4EDA-A0EE-7FEFCD427579}.Debug-Windows|Any CPU.Build.0 = Debug|Any CPU
		{7CAA2F25-8CE6-4EDA-A0EE-7FEFCD427579}.Debug-Windows|ARM.ActiveCfg = Debug|Any CPU
		{7CAA2F25-8CE6-4EDA-A0EE-7FEFCD427579}.Debug-Windows|ARM.Build.0 = Debug|Any CPU
		{7CAA2F25-8CE6-4EDA-A0EE-7FEFCD427579}.Debug-Windows|x64.ActiveCfg = Debug|Any CPU
		{7CAA2F25-8CE6-4EDA-A0EE-7FEFCD427579}.Debug-Windows|x64.Build.0 = Debug|Any CPU
		{7CAA2F25-8CE6-4EDA-A0EE-7FEFCD427579}.Debug-Windows|x86.ActiveCfg = Debug|Any CPU
		{7CAA2F25-8CE6-4EDA-A0EE-7FEFCD427579}.Debug-Windows|x86.Build.0 = Debug|Any CPU
		{7CAA2F25-8CE6-4EDA-A0EE-7FEFCD427579}.Release|Any CPU.ActiveCfg = Release|Any CPU
		{7CAA2F25-8CE6-4EDA-A0EE-7FEFCD427579}.Release|Any CPU.Build.0 = Release|Any CPU
		{7CAA2F25-8CE6-4EDA-A0EE-7FEFCD427579}.Release|ARM.ActiveCfg = Release|Any CPU
		{7CAA2F25-8CE6-4EDA-A0EE-7FEFCD427579}.Release|ARM.Build.0 = Release|Any CPU
		{7CAA2F25-8CE6-4EDA-A0EE-7FEFCD427579}.Release|x64.ActiveCfg = Release|Any CPU
		{7CAA2F25-8CE6-4EDA-A0EE-7FEFCD427579}.Release|x64.Build.0 = Release|Any CPU
		{7CAA2F25-8CE6-4EDA-A0EE-7FEFCD427579}.Release|x86.ActiveCfg = Release|Any CPU
		{7CAA2F25-8CE6-4EDA-A0EE-7FEFCD427579}.Release|x86.Build.0 = Release|Any CPU
		{A7A8227F-B5CA-4E5E-AD71-22F7A361842D}.Debug|Any CPU.ActiveCfg = Debug|Any CPU
		{A7A8227F-B5CA-4E5E-AD71-22F7A361842D}.Debug|Any CPU.Build.0 = Debug|Any CPU
		{A7A8227F-B5CA-4E5E-AD71-22F7A361842D}.Debug|ARM.ActiveCfg = Debug|Any CPU
		{A7A8227F-B5CA-4E5E-AD71-22F7A361842D}.Debug|ARM.Build.0 = Debug|Any CPU
		{A7A8227F-B5CA-4E5E-AD71-22F7A361842D}.Debug|x64.ActiveCfg = Debug|Any CPU
		{A7A8227F-B5CA-4E5E-AD71-22F7A361842D}.Debug|x64.Build.0 = Debug|Any CPU
		{A7A8227F-B5CA-4E5E-AD71-22F7A361842D}.Debug|x86.ActiveCfg = Debug|Any CPU
		{A7A8227F-B5CA-4E5E-AD71-22F7A361842D}.Debug|x86.Build.0 = Debug|Any CPU
		{A7A8227F-B5CA-4E5E-AD71-22F7A361842D}.Debug-Windows|Any CPU.ActiveCfg = Debug|Any CPU
		{A7A8227F-B5CA-4E5E-AD71-22F7A361842D}.Debug-Windows|Any CPU.Build.0 = Debug|Any CPU
		{A7A8227F-B5CA-4E5E-AD71-22F7A361842D}.Debug-Windows|ARM.ActiveCfg = Debug|Any CPU
		{A7A8227F-B5CA-4E5E-AD71-22F7A361842D}.Debug-Windows|ARM.Build.0 = Debug|Any CPU
		{A7A8227F-B5CA-4E5E-AD71-22F7A361842D}.Debug-Windows|x64.ActiveCfg = Debug|Any CPU
		{A7A8227F-B5CA-4E5E-AD71-22F7A361842D}.Debug-Windows|x64.Build.0 = Debug|Any CPU
		{A7A8227F-B5CA-4E5E-AD71-22F7A361842D}.Debug-Windows|x86.ActiveCfg = Debug|Any CPU
		{A7A8227F-B5CA-4E5E-AD71-22F7A361842D}.Debug-Windows|x86.Build.0 = Debug|Any CPU
		{A7A8227F-B5CA-4E5E-AD71-22F7A361842D}.Release|Any CPU.ActiveCfg = Release|Any CPU
		{A7A8227F-B5CA-4E5E-AD71-22F7A361842D}.Release|Any CPU.Build.0 = Release|Any CPU
		{A7A8227F-B5CA-4E5E-AD71-22F7A361842D}.Release|ARM.ActiveCfg = Release|Any CPU
		{A7A8227F-B5CA-4E5E-AD71-22F7A361842D}.Release|ARM.Build.0 = Release|Any CPU
		{A7A8227F-B5CA-4E5E-AD71-22F7A361842D}.Release|x64.ActiveCfg = Release|Any CPU
		{A7A8227F-B5CA-4E5E-AD71-22F7A361842D}.Release|x64.Build.0 = Release|Any CPU
		{A7A8227F-B5CA-4E5E-AD71-22F7A361842D}.Release|x86.ActiveCfg = Release|Any CPU
		{A7A8227F-B5CA-4E5E-AD71-22F7A361842D}.Release|x86.Build.0 = Release|Any CPU
		{9AB41D2D-D07C-4817-8F13-CEEE5E30D2C1}.Debug|Any CPU.ActiveCfg = Debug|Any CPU
		{9AB41D2D-D07C-4817-8F13-CEEE5E30D2C1}.Debug|Any CPU.Build.0 = Debug|Any CPU
		{9AB41D2D-D07C-4817-8F13-CEEE5E30D2C1}.Debug|ARM.ActiveCfg = Debug|Any CPU
		{9AB41D2D-D07C-4817-8F13-CEEE5E30D2C1}.Debug|ARM.Build.0 = Debug|Any CPU
		{9AB41D2D-D07C-4817-8F13-CEEE5E30D2C1}.Debug|x64.ActiveCfg = Debug|Any CPU
		{9AB41D2D-D07C-4817-8F13-CEEE5E30D2C1}.Debug|x64.Build.0 = Debug|Any CPU
		{9AB41D2D-D07C-4817-8F13-CEEE5E30D2C1}.Debug|x86.ActiveCfg = Debug|Any CPU
		{9AB41D2D-D07C-4817-8F13-CEEE5E30D2C1}.Debug|x86.Build.0 = Debug|Any CPU
		{9AB41D2D-D07C-4817-8F13-CEEE5E30D2C1}.Debug-Windows|Any CPU.ActiveCfg = Debug|Any CPU
		{9AB41D2D-D07C-4817-8F13-CEEE5E30D2C1}.Debug-Windows|Any CPU.Build.0 = Debug|Any CPU
		{9AB41D2D-D07C-4817-8F13-CEEE5E30D2C1}.Debug-Windows|ARM.ActiveCfg = Debug|Any CPU
		{9AB41D2D-D07C-4817-8F13-CEEE5E30D2C1}.Debug-Windows|ARM.Build.0 = Debug|Any CPU
		{9AB41D2D-D07C-4817-8F13-CEEE5E30D2C1}.Debug-Windows|x64.ActiveCfg = Debug|Any CPU
		{9AB41D2D-D07C-4817-8F13-CEEE5E30D2C1}.Debug-Windows|x64.Build.0 = Debug|Any CPU
		{9AB41D2D-D07C-4817-8F13-CEEE5E30D2C1}.Debug-Windows|x86.ActiveCfg = Debug|Any CPU
		{9AB41D2D-D07C-4817-8F13-CEEE5E30D2C1}.Debug-Windows|x86.Build.0 = Debug|Any CPU
		{9AB41D2D-D07C-4817-8F13-CEEE5E30D2C1}.Release|Any CPU.ActiveCfg = Release|Any CPU
		{9AB41D2D-D07C-4817-8F13-CEEE5E30D2C1}.Release|Any CPU.Build.0 = Release|Any CPU
		{9AB41D2D-D07C-4817-8F13-CEEE5E30D2C1}.Release|ARM.ActiveCfg = Release|Any CPU
		{9AB41D2D-D07C-4817-8F13-CEEE5E30D2C1}.Release|ARM.Build.0 = Release|Any CPU
		{9AB41D2D-D07C-4817-8F13-CEEE5E30D2C1}.Release|x64.ActiveCfg = Release|Any CPU
		{9AB41D2D-D07C-4817-8F13-CEEE5E30D2C1}.Release|x64.Build.0 = Release|Any CPU
		{9AB41D2D-D07C-4817-8F13-CEEE5E30D2C1}.Release|x86.ActiveCfg = Release|Any CPU
		{9AB41D2D-D07C-4817-8F13-CEEE5E30D2C1}.Release|x86.Build.0 = Release|Any CPU
	EndGlobalSection
	GlobalSection(SolutionProperties) = preSolution
		HideSolutionNode = FALSE
	EndGlobalSection
EndGlobal
